// !$*UTF8*$!
{
	archiveVersion = 1;
	classes = {
	};
	objectVersion = 56;
	objects = {

/* Begin PBXBuildFile section */
		AAC6021D2C9ABA2C0092D338 /* AppDelegate.swift in Sources */ = {isa = PBXBuildFile; fileRef = AAC6021C2C9ABA2C0092D338 /* AppDelegate.swift */; };
		AAC6021F2C9ABA2C0092D338 /* SceneDelegate.swift in Sources */ = {isa = PBXBuildFile; fileRef = AAC6021E2C9ABA2C0092D338 /* SceneDelegate.swift */; };
		AAC602212C9ABA2C0092D338 /* ViewController.swift in Sources */ = {isa = PBXBuildFile; fileRef = AAC602202C9ABA2C0092D338 /* ViewController.swift */; };
		AAC602242C9ABA2C0092D338 /* Base in Resources */ = {isa = PBXBuildFile; fileRef = AAC602232C9ABA2C0092D338 /* Base */; };
		AAC602262C9ABA320092D338 /* Assets.xcassets in Resources */ = {isa = PBXBuildFile; fileRef = AAC602252C9ABA320092D338 /* Assets.xcassets */; };
		AAC602292C9ABA320092D338 /* Base in Resources */ = {isa = PBXBuildFile; fileRef = AAC602282C9ABA320092D338 /* Base */; };
		AAC602342C9ABA330092D338 /* VideoSoundAppTests.swift in Sources */ = {isa = PBXBuildFile; fileRef = AAC602332C9ABA330092D338 /* VideoSoundAppTests.swift */; };
		AAC6023E2C9ABA330092D338 /* VideoSoundAppUITests.swift in Sources */ = {isa = PBXBuildFile; fileRef = AAC6023D2C9ABA330092D338 /* VideoSoundAppUITests.swift */; };
		AAC602402C9ABA330092D338 /* VideoSoundAppUITestsLaunchTests.swift in Sources */ = {isa = PBXBuildFile; fileRef = AAC6023F2C9ABA330092D338 /* VideoSoundAppUITestsLaunchTests.swift */; };
/* End PBXBuildFile section */

/* Begin PBXContainerItemProxy section */
		AAC602302C9ABA330092D338 /* PBXContainerItemProxy */ = {
			isa = PBXContainerItemProxy;
			containerPortal = AAC602112C9ABA2C0092D338 /* Project object */;
			proxyType = 1;
			remoteGlobalIDString = AAC602182C9ABA2C0092D338;
			remoteInfo = VideoSoundApp;
		};
		AAC6023A2C9ABA330092D338 /* PBXContainerItemProxy */ = {
			isa = PBXContainerItemProxy;
			containerPortal = AAC602112C9ABA2C0092D338 /* Project object */;
			proxyType = 1;
			remoteGlobalIDString = AAC602182C9ABA2C0092D338;
			remoteInfo = VideoSoundApp;
		};
/* End PBXContainerItemProxy section */

/* Begin PBXFileReference section */
		AAC602192C9ABA2C0092D338 /* VideoSoundApp.app */ = {isa = PBXFileReference; explicitFileType = wrapper.application; includeInIndex = 0; path = VideoSoundApp.app; sourceTree = BUILT_PRODUCTS_DIR; };
		AAC6021C2C9ABA2C0092D338 /* AppDelegate.swift */ = {isa = PBXFileReference; lastKnownFileType = sourcecode.swift; path = AppDelegate.swift; sourceTree = "<group>"; };
		AAC6021E2C9ABA2C0092D338 /* SceneDelegate.swift */ = {isa = PBXFileReference; lastKnownFileType = sourcecode.swift; path = SceneDelegate.swift; sourceTree = "<group>"; };
		AAC602202C9ABA2C0092D338 /* ViewController.swift */ = {isa = PBXFileReference; lastKnownFileType = sourcecode.swift; path = ViewController.swift; sourceTree = "<group>"; };
		AAC602232C9ABA2C0092D338 /* Base */ = {isa = PBXFileReference; lastKnownFileType = file.storyboard; name = Base; path = Base.lproj/Main.storyboard; sourceTree = "<group>"; };
		AAC602252C9ABA320092D338 /* Assets.xcassets */ = {isa = PBXFileReference; lastKnownFileType = folder.assetcatalog; path = Assets.xcassets; sourceTree = "<group>"; };
		AAC602282C9ABA320092D338 /* Base */ = {isa = PBXFileReference; lastKnownFileType = file.storyboard; name = Base; path = Base.lproj/LaunchScreen.storyboard; sourceTree = "<group>"; };
		AAC6022A2C9ABA320092D338 /* Info.plist */ = {isa = PBXFileReference; lastKnownFileType = text.plist.xml; path = Info.plist; sourceTree = "<group>"; };
		AAC6022F2C9ABA330092D338 /* VideoSoundAppTests.xctest */ = {isa = PBXFileReference; explicitFileType = wrapper.cfbundle; includeInIndex = 0; path = VideoSoundAppTests.xctest; sourceTree = BUILT_PRODUCTS_DIR; };
		AAC602332C9ABA330092D338 /* VideoSoundAppTests.swift */ = {isa = PBXFileReference; lastKnownFileType = sourcecode.swift; path = VideoSoundAppTests.swift; sourceTree = "<group>"; };
		AAC602392C9ABA330092D338 /* VideoSoundAppUITests.xctest */ = {isa = PBXFileReference; explicitFileType = wrapper.cfbundle; includeInIndex = 0; path = VideoSoundAppUITests.xctest; sourceTree = BUILT_PRODUCTS_DIR; };
		AAC6023D2C9ABA330092D338 /* VideoSoundAppUITests.swift */ = {isa = PBXFileReference; lastKnownFileType = sourcecode.swift; path = VideoSoundAppUITests.swift; sourceTree = "<group>"; };
		AAC6023F2C9ABA330092D338 /* VideoSoundAppUITestsLaunchTests.swift */ = {isa = PBXFileReference; lastKnownFileType = sourcecode.swift; path = VideoSoundAppUITestsLaunchTests.swift; sourceTree = "<group>"; };
/* End PBXFileReference section */

/* Begin PBXFrameworksBuildPhase section */
		AAC602162C9ABA2C0092D338 /* Frameworks */ = {
			isa = PBXFrameworksBuildPhase;
			buildActionMask = 2147483647;
			files = (
			);
			runOnlyForDeploymentPostprocessing = 0;
		};
		AAC6022C2C9ABA330092D338 /* Frameworks */ = {
			isa = PBXFrameworksBuildPhase;
			buildActionMask = 2147483647;
			files = (
			);
			runOnlyForDeploymentPostprocessing = 0;
		};
		AAC602362C9ABA330092D338 /* Frameworks */ = {
			isa = PBXFrameworksBuildPhase;
			buildActionMask = 2147483647;
			files = (
			);
			runOnlyForDeploymentPostprocessing = 0;
		};
/* End PBXFrameworksBuildPhase section */

/* Begin PBXGroup section */
		AAC602102C9ABA2C0092D338 = {
			isa = PBXGroup;
			children = (
				AAC6021B2C9ABA2C0092D338 /* VideoSoundApp */,
				AAC602322C9ABA330092D338 /* VideoSoundAppTests */,
				AAC6023C2C9ABA330092D338 /* VideoSoundAppUITests */,
				AAC6021A2C9ABA2C0092D338 /* Products */,
			);
			sourceTree = "<group>";
		};
		AAC6021A2C9ABA2C0092D338 /* Products */ = {
			isa = PBXGroup;
			children = (
				AAC602192C9ABA2C0092D338 /* VideoSoundApp.app */,
				AAC6022F2C9ABA330092D338 /* VideoSoundAppTests.xctest */,
				AAC602392C9ABA330092D338 /* VideoSoundAppUITests.xctest */,
			);
			name = Products;
			sourceTree = "<group>";
		};
		AAC6021B2C9ABA2C0092D338 /* VideoSoundApp */ = {
			isa = PBXGroup;
			children = (
				AAC6021C2C9ABA2C0092D338 /* AppDelegate.swift */,
				AAC6021E2C9ABA2C0092D338 /* SceneDelegate.swift */,
				AAC602202C9ABA2C0092D338 /* ViewController.swift */,
				AAC602222C9ABA2C0092D338 /* Main.storyboard */,
				AAC602252C9ABA320092D338 /* Assets.xcassets */,
				AAC602272C9ABA320092D338 /* LaunchScreen.storyboard */,
				AAC6022A2C9ABA320092D338 /* Info.plist */,
			);
			path = VideoSoundApp;
			sourceTree = "<group>";
		};
		AAC602322C9ABA330092D338 /* VideoSoundAppTests */ = {
			isa = PBXGroup;
			children = (
				AAC602332C9ABA330092D338 /* VideoSoundAppTests.swift */,
			);
			path = VideoSoundAppTests;
			sourceTree = "<group>";
		};
		AAC6023C2C9ABA330092D338 /* VideoSoundAppUITests */ = {
			isa = PBXGroup;
			children = (
				AAC6023D2C9ABA330092D338 /* VideoSoundAppUITests.swift */,
				AAC6023F2C9ABA330092D338 /* VideoSoundAppUITestsLaunchTests.swift */,
			);
			path = VideoSoundAppUITests;
			sourceTree = "<group>";
		};
/* End PBXGroup section */

/* Begin PBXNativeTarget section */
		AAC602182C9ABA2C0092D338 /* VideoSoundApp */ = {
			isa = PBXNativeTarget;
			buildConfigurationList = AAC602432C9ABA330092D338 /* Build configuration list for PBXNativeTarget "VideoSoundApp" */;
			buildPhases = (
				AAC602152C9ABA2C0092D338 /* Sources */,
				AAC602162C9ABA2C0092D338 /* Frameworks */,
				AAC602172C9ABA2C0092D338 /* Resources */,
			);
			buildRules = (
			);
			dependencies = (
			);
			name = VideoSoundApp;
			productName = VideoSoundApp;
			productReference = AAC602192C9ABA2C0092D338 /* VideoSoundApp.app */;
			productType = "com.apple.product-type.application";
		};
		AAC6022E2C9ABA330092D338 /* VideoSoundAppTests */ = {
			isa = PBXNativeTarget;
			buildConfigurationList = AAC602462C9ABA330092D338 /* Build configuration list for PBXNativeTarget "VideoSoundAppTests" */;
			buildPhases = (
				AAC6022B2C9ABA330092D338 /* Sources */,
				AAC6022C2C9ABA330092D338 /* Frameworks */,
				AAC6022D2C9ABA330092D338 /* Resources */,
			);
			buildRules = (
			);
			dependencies = (
				AAC602312C9ABA330092D338 /* PBXTargetDependency */,
			);
			name = VideoSoundAppTests;
			productName = VideoSoundAppTests;
			productReference = AAC6022F2C9ABA330092D338 /* VideoSoundAppTests.xctest */;
			productType = "com.apple.product-type.bundle.unit-test";
		};
		AAC602382C9ABA330092D338 /* VideoSoundAppUITests */ = {
			isa = PBXNativeTarget;
			buildConfigurationList = AAC602492C9ABA330092D338 /* Build configuration list for PBXNativeTarget "VideoSoundAppUITests" */;
			buildPhases = (
				AAC602352C9ABA330092D338 /* Sources */,
				AAC602362C9ABA330092D338 /* Frameworks */,
				AAC602372C9ABA330092D338 /* Resources */,
			);
			buildRules = (
			);
			dependencies = (
				AAC6023B2C9ABA330092D338 /* PBXTargetDependency */,
			);
			name = VideoSoundAppUITests;
			productName = VideoSoundAppUITests;
			productReference = AAC602392C9ABA330092D338 /* VideoSoundAppUITests.xctest */;
			productType = "com.apple.product-type.bundle.ui-testing";
		};
/* End PBXNativeTarget section */

/* Begin PBXProject section */
		AAC602112C9ABA2C0092D338 /* Project object */ = {
			isa = PBXProject;
			attributes = {
				BuildIndependentTargetsInParallel = 1;
				LastSwiftUpdateCheck = 1540;
				LastUpgradeCheck = 1540;
				TargetAttributes = {
					AAC602182C9ABA2C0092D338 = {
						CreatedOnToolsVersion = 15.4;
					};
					AAC6022E2C9ABA330092D338 = {
						CreatedOnToolsVersion = 15.4;
						TestTargetID = AAC602182C9ABA2C0092D338;
					};
					AAC602382C9ABA330092D338 = {
						CreatedOnToolsVersion = 15.4;
						TestTargetID = AAC602182C9ABA2C0092D338;
					};
				};
			};
			buildConfigurationList = AAC602142C9ABA2C0092D338 /* Build configuration list for PBXProject "VideoSoundApp" */;
			compatibilityVersion = "Xcode 14.0";
			developmentRegion = en;
			hasScannedForEncodings = 0;
			knownRegions = (
				en,
				Base,
			);
			mainGroup = AAC602102C9ABA2C0092D338;
			productRefGroup = AAC6021A2C9ABA2C0092D338 /* Products */;
			projectDirPath = "";
			projectRoot = "";
			targets = (
				AAC602182C9ABA2C0092D338 /* VideoSoundApp */,
				AAC6022E2C9ABA330092D338 /* VideoSoundAppTests */,
				AAC602382C9ABA330092D338 /* VideoSoundAppUITests */,
			);
		};
/* End PBXProject section */

/* Begin PBXResourcesBuildPhase section */
		AAC602172C9ABA2C0092D338 /* Resources */ = {
			isa = PBXResourcesBuildPhase;
			buildActionMask = 2147483647;
			files = (
				AAC602262C9ABA320092D338 /* Assets.xcassets in Resources */,
				AAC602292C9ABA320092D338 /* Base in Resources */,
				AAC602242C9ABA2C0092D338 /* Base in Resources */,
			);
			runOnlyForDeploymentPostprocessing = 0;
		};
		AAC6022D2C9ABA330092D338 /* Resources */ = {
			isa = PBXResourcesBuildPhase;
			buildActionMask = 2147483647;
			files = (
			);
			runOnlyForDeploymentPostprocessing = 0;
		};
		AAC602372C9ABA330092D338 /* Resources */ = {
			isa = PBXResourcesBuildPhase;
			buildActionMask = 2147483647;
			files = (
			);
			runOnlyForDeploymentPostprocessing = 0;
		};
/* End PBXResourcesBuildPhase section */

/* Begin PBXSourcesBuildPhase section */
		AAC602152C9ABA2C0092D338 /* Sources */ = {
			isa = PBXSourcesBuildPhase;
			buildActionMask = 2147483647;
			files = (
				AAC602212C9ABA2C0092D338 /* ViewController.swift in Sources */,
				AAC6021D2C9ABA2C0092D338 /* AppDelegate.swift in Sources */,
				AAC6021F2C9ABA2C0092D338 /* SceneDelegate.swift in Sources */,
			);
			runOnlyForDeploymentPostprocessing = 0;
		};
		AAC6022B2C9ABA330092D338 /* Sources */ = {
			isa = PBXSourcesBuildPhase;
			buildActionMask = 2147483647;
			files = (
				AAC602342C9ABA330092D338 /* VideoSoundAppTests.swift in Sources */,
			);
			runOnlyForDeploymentPostprocessing = 0;
		};
		AAC602352C9ABA330092D338 /* Sources */ = {
			isa = PBXSourcesBuildPhase;
			buildActionMask = 2147483647;
			files = (
				AAC602402C9ABA330092D338 /* VideoSoundAppUITestsLaunchTests.swift in Sources */,
				AAC6023E2C9ABA330092D338 /* VideoSoundAppUITests.swift in Sources */,
			);
			runOnlyForDeploymentPostprocessing = 0;
		};
/* End PBXSourcesBuildPhase section */

/* Begin PBXTargetDependency section */
		AAC602312C9ABA330092D338 /* PBXTargetDependency */ = {
			isa = PBXTargetDependency;
			target = AAC602182C9ABA2C0092D338 /* VideoSoundApp */;
			targetProxy = AAC602302C9ABA330092D338 /* PBXContainerItemProxy */;
		};
		AAC6023B2C9ABA330092D338 /* PBXTargetDependency */ = {
			isa = PBXTargetDependency;
			target = AAC602182C9ABA2C0092D338 /* VideoSoundApp */;
			targetProxy = AAC6023A2C9ABA330092D338 /* PBXContainerItemProxy */;
		};
/* End PBXTargetDependency section */

/* Begin PBXVariantGroup section */
		AAC602222C9ABA2C0092D338 /* Main.storyboard */ = {
			isa = PBXVariantGroup;
			children = (
				AAC602232C9ABA2C0092D338 /* Base */,
			);
			name = Main.storyboard;
			sourceTree = "<group>";
		};
		AAC602272C9ABA320092D338 /* LaunchScreen.storyboard */ = {
			isa = PBXVariantGroup;
			children = (
				AAC602282C9ABA320092D338 /* Base */,
			);
			name = LaunchScreen.storyboard;
			sourceTree = "<group>";
		};
/* End PBXVariantGroup section */

/* Begin XCBuildConfiguration section */
		AAC602412C9ABA330092D338 /* Debug */ = {
			isa = XCBuildConfiguration;
			buildSettings = {
				ALWAYS_SEARCH_USER_PATHS = NO;
				ASSETCATALOG_COMPILER_GENERATE_SWIFT_ASSET_SYMBOL_EXTENSIONS = YES;
				CLANG_ANALYZER_NONNULL = YES;
				CLANG_ANALYZER_NUMBER_OBJECT_CONVERSION = YES_AGGRESSIVE;
				CLANG_CXX_LANGUAGE_STANDARD = "gnu++20";
				CLANG_ENABLE_MODULES = YES;
				CLANG_ENABLE_OBJC_ARC = YES;
				CLANG_ENABLE_OBJC_WEAK = YES;
				CLANG_WARN_BLOCK_CAPTURE_AUTORELEASING = YES;
				CLANG_WARN_BOOL_CONVERSION = YES;
				CLANG_WARN_COMMA = YES;
				CLANG_WARN_CONSTANT_CONVERSION = YES;
				CLANG_WARN_DEPRECATED_OBJC_IMPLEMENTATIONS = YES;
				CLANG_WARN_DIRECT_OBJC_ISA_USAGE = YES_ERROR;
				CLANG_WARN_DOCUMENTATION_COMMENTS = YES;
				CLANG_WARN_EMPTY_BODY = YES;
				CLANG_WARN_ENUM_CONVERSION = YES;
				CLANG_WARN_INFINITE_RECURSION = YES;
				CLANG_WARN_INT_CONVERSION = YES;
				CLANG_WARN_NON_LITERAL_NULL_CONVERSION = YES;
				CLANG_WARN_OBJC_IMPLICIT_RETAIN_SELF = YES;
				CLANG_WARN_OBJC_LITERAL_CONVERSION = YES;
				CLANG_WARN_OBJC_ROOT_CLASS = YES_ERROR;
				CLANG_WARN_QUOTED_INCLUDE_IN_FRAMEWORK_HEADER = YES;
				CLANG_WARN_RANGE_LOOP_ANALYSIS = YES;
				CLANG_WARN_STRICT_PROTOTYPES = YES;
				CLANG_WARN_SUSPICIOUS_MOVE = YES;
				CLANG_WARN_UNGUARDED_AVAILABILITY = YES_AGGRESSIVE;
				CLANG_WARN_UNREACHABLE_CODE = YES;
				CLANG_WARN__DUPLICATE_METHOD_MATCH = YES;
				COPY_PHASE_STRIP = NO;
				DEBUG_INFORMATION_FORMAT = dwarf;
				ENABLE_STRICT_OBJC_MSGSEND = YES;
				ENABLE_TESTABILITY = YES;
				ENABLE_USER_SCRIPT_SANDBOXING = YES;
				GCC_C_LANGUAGE_STANDARD = gnu17;
				GCC_DYNAMIC_NO_PIC = NO;
				GCC_NO_COMMON_BLOCKS = YES;
				GCC_OPTIMIZATION_LEVEL = 0;
				GCC_PREPROCESSOR_DEFINITIONS = (
					"DEBUG=1",
					"$(inherited)",
				);
				GCC_WARN_64_TO_32_BIT_CONVERSION = YES;
				GCC_WARN_ABOUT_RETURN_TYPE = YES_ERROR;
				GCC_WARN_UNDECLARED_SELECTOR = YES;
				GCC_WARN_UNINITIALIZED_AUTOS = YES_AGGRESSIVE;
				GCC_WARN_UNUSED_FUNCTION = YES;
				GCC_WARN_UNUSED_VARIABLE = YES;
				IPHONEOS_DEPLOYMENT_TARGET = 17.5;
				LOCALIZATION_PREFERS_STRING_CATALOGS = YES;
				MTL_ENABLE_DEBUG_INFO = INCLUDE_SOURCE;
				MTL_FAST_MATH = YES;
				ONLY_ACTIVE_ARCH = YES;
				SDKROOT = iphoneos;
				SWIFT_ACTIVE_COMPILATION_CONDITIONS = "DEBUG $(inherited)";
				SWIFT_OPTIMIZATION_LEVEL = "-Onone";
			};
			name = Debug;
		};
		AAC602422C9ABA330092D338 /* Release */ = {
			isa = XCBuildConfiguration;
			buildSettings = {
				ALWAYS_SEARCH_USER_PATHS = NO;
				ASSETCATALOG_COMPILER_GENERATE_SWIFT_ASSET_SYMBOL_EXTENSIONS = YES;
				CLANG_ANALYZER_NONNULL = YES;
				CLANG_ANALYZER_NUMBER_OBJECT_CONVERSION = YES_AGGRESSIVE;
				CLANG_CXX_LANGUAGE_STANDARD = "gnu++20";
				CLANG_ENABLE_MODULES = YES;
				CLANG_ENABLE_OBJC_ARC = YES;
				CLANG_ENABLE_OBJC_WEAK = YES;
				CLANG_WARN_BLOCK_CAPTURE_AUTORELEASING = YES;
				CLANG_WARN_BOOL_CONVERSION = YES;
				CLANG_WARN_COMMA = YES;
				CLANG_WARN_CONSTANT_CONVERSION = YES;
				CLANG_WARN_DEPRECATED_OBJC_IMPLEMENTATIONS = YES;
				CLANG_WARN_DIRECT_OBJC_ISA_USAGE = YES_ERROR;
				CLANG_WARN_DOCUMENTATION_COMMENTS = YES;
				CLANG_WARN_EMPTY_BODY = YES;
				CLANG_WARN_ENUM_CONVERSION = YES;
				CLANG_WARN_INFINITE_RECURSION = YES;
				CLANG_WARN_INT_CONVERSION = YES;
				CLANG_WARN_NON_LITERAL_NULL_CONVERSION = YES;
				CLANG_WARN_OBJC_IMPLICIT_RETAIN_SELF = YES;
				CLANG_WARN_OBJC_LITERAL_CONVERSION = YES;
				CLANG_WARN_OBJC_ROOT_CLASS = YES_ERROR;
				CLANG_WARN_QUOTED_INCLUDE_IN_FRAMEWORK_HEADER = YES;
				CLANG_WARN_RANGE_LOOP_ANALYSIS = YES;
				CLANG_WARN_STRICT_PROTOTYPES = YES;
				CLANG_WARN_SUSPICIOUS_MOVE = YES;
				CLANG_WARN_UNGUARDED_AVAILABILITY = YES_AGGRESSIVE;
				CLANG_WARN_UNREACHABLE_CODE = YES;
				CLANG_WARN__DUPLICATE_METHOD_MATCH = YES;
				COPY_PHASE_STRIP = NO;
				DEBUG_INFORMATION_FORMAT = "dwarf-with-dsym";
				ENABLE_NS_ASSERTIONS = NO;
				ENABLE_STRICT_OBJC_MSGSEND = YES;
				ENABLE_USER_SCRIPT_SANDBOXING = YES;
				GCC_C_LANGUAGE_STANDARD = gnu17;
				GCC_NO_COMMON_BLOCKS = YES;
				GCC_WARN_64_TO_32_BIT_CONVERSION = YES;
				GCC_WARN_ABOUT_RETURN_TYPE = YES_ERROR;
				GCC_WARN_UNDECLARED_SELECTOR = YES;
				GCC_WARN_UNINITIALIZED_AUTOS = YES_AGGRESSIVE;
				GCC_WARN_UNUSED_FUNCTION = YES;
				GCC_WARN_UNUSED_VARIABLE = YES;
				IPHONEOS_DEPLOYMENT_TARGET = 17.5;
				LOCALIZATION_PREFERS_STRING_CATALOGS = YES;
				MTL_ENABLE_DEBUG_INFO = NO;
				MTL_FAST_MATH = YES;
				SDKROOT = iphoneos;
				SWIFT_COMPILATION_MODE = wholemodule;
				VALIDATE_PRODUCT = YES;
			};
			name = Release;
		};
		AAC602442C9ABA330092D338 /* Debug */ = {
			isa = XCBuildConfiguration;
			buildSettings = {
				ASSETCATALOG_COMPILER_APPICON_NAME = AppIcon;
				ASSETCATALOG_COMPILER_GLOBAL_ACCENT_COLOR_NAME = AccentColor;
				CODE_SIGN_STYLE = Automatic;
				CURRENT_PROJECT_VERSION = 1;
				DEVELOPMENT_TEAM = 6J7Q7SN729;
				GENERATE_INFOPLIST_FILE = YES;
				INFOPLIST_FILE = VideoSoundApp/Info.plist;
				INFOPLIST_KEY_UIApplicationSupportsIndirectInputEvents = YES;
				INFOPLIST_KEY_UILaunchStoryboardName = LaunchScreen;
				INFOPLIST_KEY_UIMainStoryboardFile = Main;
				INFOPLIST_KEY_UISupportedInterfaceOrientations_iPad = "UIInterfaceOrientationPortrait UIInterfaceOrientationPortraitUpsideDown UIInterfaceOrientationLandscapeLeft UIInterfaceOrientationLandscapeRight";
				INFOPLIST_KEY_UISupportedInterfaceOrientations_iPhone = "UIInterfaceOrientationPortrait UIInterfaceOrientationLandscapeLeft UIInterfaceOrientationLandscapeRight";
				LD_RUNPATH_SEARCH_PATHS = (
					"$(inherited)",
					"@executable_path/Frameworks",
				);
				MARKETING_VERSION = 1.0;
				PRODUCT_BUNDLE_IDENTIFIER = no.ntnu.VideoSoundApp;
				PRODUCT_NAME = "$(TARGET_NAME)";
				SWIFT_EMIT_LOC_STRINGS = YES;
				SWIFT_VERSION = 5.0;
				TARGETED_DEVICE_FAMILY = "1,2";
			};
			name = Debug;
		};
		AAC602452C9ABA330092D338 /* Release */ = {
			isa = XCBuildConfiguration;
			buildSettings = {
				ASSETCATALOG_COMPILER_APPICON_NAME = AppIcon;
				ASSETCATALOG_COMPILER_GLOBAL_ACCENT_COLOR_NAME = AccentColor;
				CODE_SIGN_STYLE = Automatic;
				CURRENT_PROJECT_VERSION = 1;
				DEVELOPMENT_TEAM = 6J7Q7SN729;
				GENERATE_INFOPLIST_FILE = YES;
				INFOPLIST_FILE = VideoSoundApp/Info.plist;
				INFOPLIST_KEY_UIApplicationSupportsIndirectInputEvents = YES;
				INFOPLIST_KEY_UILaunchStoryboardName = LaunchScreen;
				INFOPLIST_KEY_UIMainStoryboardFile = Main;
				INFOPLIST_KEY_UISupportedInterfaceOrientations_iPad = "UIInterfaceOrientationPortrait UIInterfaceOrientationPortraitUpsideDown UIInterfaceOrientationLandscapeLeft UIInterfaceOrientationLandscapeRight";
				INFOPLIST_KEY_UISupportedInterfaceOrientations_iPhone = "UIInterfaceOrientationPortrait UIInterfaceOrientationLandscapeLeft UIInterfaceOrientationLandscapeRight";
				LD_RUNPATH_SEARCH_PATHS = (
					"$(inherited)",
					"@executable_path/Frameworks",
				);
				MARKETING_VERSION = 1.0;
				PRODUCT_BUNDLE_IDENTIFIER = no.ntnu.VideoSoundApp;
				PRODUCT_NAME = "$(TARGET_NAME)";
				SWIFT_EMIT_LOC_STRINGS = YES;
				SWIFT_VERSION = 5.0;
				TARGETED_DEVICE_FAMILY = "1,2";
			};
			name = Release;
		};
		AAC602472C9ABA330092D338 /* Debug */ = {
			isa = XCBuildConfiguration;
			buildSettings = {
				ALWAYS_EMBED_SWIFT_STANDARD_LIBRARIES = YES;
				BUNDLE_LOADER = "$(TEST_HOST)";
				CODE_SIGN_STYLE = Automatic;
				CURRENT_PROJECT_VERSION = 1;
				DEVELOPMENT_TEAM = 6J7Q7SN729;
				GENERATE_INFOPLIST_FILE = YES;
				IPHONEOS_DEPLOYMENT_TARGET = 17.5;
				MARKETING_VERSION = 1.0;
				PRODUCT_BUNDLE_IDENTIFIER = no.ntnu.VideoSoundAppTests;
				PRODUCT_NAME = "$(TARGET_NAME)";
				SWIFT_EMIT_LOC_STRINGS = NO;
				SWIFT_VERSION = 5.0;
				TARGETED_DEVICE_FAMILY = "1,2";
				TEST_HOST = "$(BUILT_PRODUCTS_DIR)/VideoSoundApp.app/$(BUNDLE_EXECUTABLE_FOLDER_PATH)/VideoSoundApp";
			};
			name = Debug;
		};
		AAC602482C9ABA330092D338 /* Release */ = {
			isa = XCBuildConfiguration;
			buildSettings = {
				ALWAYS_EMBED_SWIFT_STANDARD_LIBRARIES = YES;
				BUNDLE_LOADER = "$(TEST_HOST)";
				CODE_SIGN_STYLE = Automatic;
				CURRENT_PROJECT_VERSION = 1;
				DEVELOPMENT_TEAM = 6J7Q7SN729;
				GENERATE_INFOPLIST_FILE = YES;
				IPHONEOS_DEPLOYMENT_TARGET = 17.5;
				MARKETING_VERSION = 1.0;
				PRODUCT_BUNDLE_IDENTIFIER = no.ntnu.VideoSoundAppTests;
				PRODUCT_NAME = "$(TARGET_NAME)";
				SWIFT_EMIT_LOC_STRINGS = NO;
				SWIFT_VERSION = 5.0;
				TARGETED_DEVICE_FAMILY = "1,2";
				TEST_HOST = "$(BUILT_PRODUCTS_DIR)/VideoSoundApp.app/$(BUNDLE_EXECUTABLE_FOLDER_PATH)/VideoSoundApp";
			};
			name = Release;
		};
		AAC6024A2C9ABA330092D338 /* Debug */ = {
			isa = XCBuildConfiguration;
			buildSettings = {
				ALWAYS_EMBED_SWIFT_STANDARD_LIBRARIES = YES;
				CODE_SIGN_STYLE = Automatic;
				CURRENT_PROJECT_VERSION = 1;
				DEVELOPMENT_TEAM = 6J7Q7SN729;
				GENERATE_INFOPLIST_FILE = YES;
				MARKETING_VERSION = 1.0;
				PRODUCT_BUNDLE_IDENTIFIER = no.ntnu.VideoSoundAppUITests;
				PRODUCT_NAME = "$(TARGET_NAME)";
				SWIFT_EMIT_LOC_STRINGS = NO;
				SWIFT_VERSION = 5.0;
				TARGETED_DEVICE_FAMILY = "1,2";
				TEST_TARGET_NAME = VideoSoundApp;
			};
			name = Debug;
		};
		AAC6024B2C9ABA330092D338 /* Release */ = {
			isa = XCBuildConfiguration;
			buildSettings = {
				ALWAYS_EMBED_SWIFT_STANDARD_LIBRARIES = YES;
				CODE_SIGN_STYLE = Automatic;
				CURRENT_PROJECT_VERSION = 1;
				DEVELOPMENT_TEAM = 6J7Q7SN729;
				GENERATE_INFOPLIST_FILE = YES;
				MARKETING_VERSION = 1.0;
				PRODUCT_BUNDLE_IDENTIFIER = no.ntnu.VideoSoundAppUITests;
				PRODUCT_NAME = "$(TARGET_NAME)";
				SWIFT_EMIT_LOC_STRINGS = NO;
				SWIFT_VERSION = 5.0;
				TARGETED_DEVICE_FAMILY = "1,2";
				TEST_TARGET_NAME = VideoSoundApp;
			};
			name = Release;
		};
/* End XCBuildConfiguration section */

/* Begin XCConfigurationList section */
		AAC602142C9ABA2C0092D338 /* Build configuration list for PBXProject "VideoSoundApp" */ = {
			isa = XCConfigurationList;
			buildConfigurations = (
				AAC602412C9ABA330092D338 /* Debug */,
				AAC602422C9ABA330092D338 /* Release */,
			);
			defaultConfigurationIsVisible = 0;
			defaultConfigurationName = Release;
		};
		AAC602432C9ABA330092D338 /* Build configuration list for PBXNativeTarget "VideoSoundApp" */ = {
			isa = XCConfigurationList;
			buildConfigurations = (
				AAC602442C9ABA330092D338 /* Debug */,
				AAC602452C9ABA330092D338 /* Release */,
			);
			defaultConfigurationIsVisible = 0;
			defaultConfigurationName = Release;
		};
		AAC602462C9ABA330092D338 /* Build configuration list for PBXNativeTarget "VideoSoundAppTests" */ = {
			isa = XCConfigurationList;
			buildConfigurations = (
				AAC602472C9ABA330092D338 /* Debug */,
				AAC602482C9ABA330092D338 /* Release */,
			);
			defaultConfigurationIsVisible = 0;
			defaultConfigurationName = Release;
		};
		AAC602492C9ABA330092D338 /* Build configuration list for PBXNativeTarget "VideoSoundAppUITests" */ = {
			isa = XCConfigurationList;
			buildConfigurations = (
				AAC6024A2C9ABA330092D338 /* Debug */,
				AAC6024B2C9ABA330092D338 /* Release */,
			);
			defaultConfigurationIsVisible = 0;
			defaultConfigurationName = Release;
		};
/* End XCConfigurationList section */
	};
	rootObject = AAC602112C9ABA2C0092D338 /* Project object */;
}
